
Microsoft Visual Studio Solution File, Format Version 12.00
# Visual Studio Version 16
VisualStudioVersion = 16.0.30204.135
MinimumVisualStudioVersion = 10.0.40219.1
Project("{FAE04EC0-301F-11D3-BF4B-00C04F79EFBC}") = "PDFReader", "PDFReader.csproj", "{72680A53-5C39-4459-95DC-B7E69492E0B6}"
EndProject
Global
	GlobalSection(SolutionConfigurationPlatforms) = preSolution
		Debug|Any CPU = Debug|Any CPU
		Release|Any CPU = Release|Any CPU
	EndGlobalSection
	GlobalSection(ProjectConfigurationPlatforms) = postSolution
		{72680A53-5C39-4459-95DC-B7E69492E0B6}.Debug|Any CPU.ActiveCfg = Debug|Any CPU
		{72680A53-5C39-4459-95DC-B7E69492E0B6}.Debug|Any CPU.Build.0 = Debug|Any CPU
		{72680A53-5C39-4459-95DC-B7E69492E0B6}.Release|Any CPU.ActiveCfg = Release|Any CPU
		{72680A53-5C39-4459-95DC-B7E69492E0B6}.Release|Any CPU.Build.0 = Release|Any CPU
	EndGlobalSection
	GlobalSection(SolutionProperties) = preSolution
		HideSolutionNode = FALSE
	EndGlobalSection
	GlobalSection(ExtensibilityGlobals) = postSolution
		SolutionGuid = {4B6CE234-5C4E-408F-85B7-53A85F0F6891}
	EndGlobalSection
EndGlobal
